
Microsoft Visual Studio Solution File, Format Version 12.00
# Visual Studio Version 17
VisualStudioVersion = 17.4.33213.308
MinimumVisualStudioVersion = 10.0.40219.1
Project("{9A19103F-16F7-4668-BE54-9A1E7A4F7556}") = "Practice", "Practice\Practice.csproj", "{B967CD7E-9745-493B-802B-4BA22CDB4424}"
EndProject
Project("{FAE04EC0-301F-11D3-BF4B-00C04F79EFBC}") = "UnitTests", "UnitTests\UnitTests.csproj", "{0D4999BC-4D78-4F4E-8E50-3635DC858175}"
EndProject
Global
	GlobalSection(SolutionConfigurationPlatforms) = preSolution
		Debug|Any CPU = Debug|Any CPU
		Release|Any CPU = Release|Any CPU
	EndGlobalSection
	GlobalSection(ProjectConfigurationPlatforms) = postSolution
		{B967CD7E-9745-493B-802B-4BA22CDB4424}.Debug|Any CPU.ActiveCfg = Debug|Any CPU
		{B967CD7E-9745-493B-802B-4BA22CDB4424}.Debug|Any CPU.Build.0 = Debug|Any CPU
		{B967CD7E-9745-493B-802B-4BA22CDB4424}.Release|Any CPU.ActiveCfg = Release|Any CPU
		{B967CD7E-9745-493B-802B-4BA22CDB4424}.Release|Any CPU.Build.0 = Release|Any CPU
		{0D4999BC-4D78-4F4E-8E50-3635DC858175}.Debug|Any CPU.ActiveCfg = Debug|Any CPU
		{0D4999BC-4D78-4F4E-8E50-3635DC858175}.Debug|Any CPU.Build.0 = Debug|Any CPU
		{0D4999BC-4D78-4F4E-8E50-3635DC858175}.Release|Any CPU.ActiveCfg = Release|Any CPU
		{0D4999BC-4D78-4F4E-8E50-3635DC858175}.Release|Any CPU.Build.0 = Release|Any CPU
	EndGlobalSection
	GlobalSection(SolutionProperties) = preSolution
		HideSolutionNode = FALSE
	EndGlobalSection
	GlobalSection(ExtensibilityGlobals) = postSolution
		SolutionGuid = {B9D4ED8D-C86B-48FC-9007-F79F30AB19DF}
	EndGlobalSection
EndGlobal
